
Microsoft Visual Studio Solution File, Format Version 12.00
# Visual Studio Version 17
VisualStudioVersion = 17.12.35514.174
MinimumVisualStudioVersion = 10.0.40219.1
Project("{FAE04EC0-301F-11D3-BF4B-00C04F79EFBC}") = "Day1", "Day1\Day1.csproj", "{80DFFB94-E87C-420F-A885-D4675D225C2E}"
EndProject
Project("{FAE04EC0-301F-11D3-BF4B-00C04F79EFBC}") = "Day2", "Day2\Day2.csproj", "{62D57660-A52A-4D0B-9126-29845649CB7E}"
EndProject
Project("{FAE04EC0-301F-11D3-BF4B-00C04F79EFBC}") = "Day3", "Day3\Day3.csproj", "{1B710B0A-EBC4-4F0F-B16C-10F3471088CE}"
EndProject
Project("{FAE04EC0-301F-11D3-BF4B-00C04F79EFBC}") = "Day4", "Day4\Day4.csproj", "{8C1D17F7-0FD0-4EF6-B002-276F93202B53}"
EndProject
Project("{FAE04EC0-301F-11D3-BF4B-00C04F79EFBC}") = "Day5", "Day5\Day5.csproj", "{89A44D50-3D1B-4E14-BA77-45C12CE34028}"
EndProject
Project("{FAE04EC0-301F-11D3-BF4B-00C04F79EFBC}") = "justDLL", "justDLL\justDLL.csproj", "{C7EC2940-3D19-4294-90AA-493167C6E663}"
EndProject
Project("{FAE04EC0-301F-11D3-BF4B-00C04F79EFBC}") = "Day6", "Day6\Day6.csproj", "{D3C32ABB-9E4D-48EE-BC31-5006AA2DB25D}"
EndProject
Project("{FAE04EC0-301F-11D3-BF4B-00C04F79EFBC}") = "Day7", "Day7\Day7.csproj", "{06A9A8C0-18D2-424B-BD25-95EBB3F76438}"
EndProject
Project("{FAE04EC0-301F-11D3-BF4B-00C04F79EFBC}") = "Day8", "Day8\Day8.csproj", "{258AB725-6EBD-4506-974E-B4816333D053}"
EndProject
Project("{FAE04EC0-301F-11D3-BF4B-00C04F79EFBC}") = "samplePartialWeb", "samplePartialWeb\samplePartialWeb.csproj", "{2F42AA86-6FAA-44D1-9D10-A027E22A6E8B}"
EndProject
Project("{FAE04EC0-301F-11D3-BF4B-00C04F79EFBC}") = "Day9", "Day9\Day9.csproj", "{0F391786-614B-4EEA-919C-F0084783F64D}"
EndProject
Project("{FAE04EC0-301F-11D3-BF4B-00C04F79EFBC}") = "Day10", "Day10\Day10.csproj", "{4676BFEA-875B-479A-8A2E-FCAA7DBCCC0F}"
EndProject
Project("{FAE04EC0-301F-11D3-BF4B-00C04F79EFBC}") = "Day11", "Day11\Day11.csproj", "{E2DCDF20-F723-44D9-B337-F2FBC8A5D2E8}"
EndProject
Project("{FAE04EC0-301F-11D3-BF4B-00C04F79EFBC}") = "Day12", "Day12\Day12.csproj", "{E1862B37-BDBC-491F-9276-F7BDE826727C}"
EndProject
Project("{FAE04EC0-301F-11D3-BF4B-00C04F79EFBC}") = "Day13", "Day13\Day13.csproj", "{C2C55F15-AF53-4ECA-A299-216F4D42B304}"
EndProject
Project("{FAE04EC0-301F-11D3-BF4B-00C04F79EFBC}") = "Day14", "Day14\Day14.csproj", "{A19D2EA2-FEBE-4ABD-833B-7015305E7DC3}"
EndProject
Project("{FAE04EC0-301F-11D3-BF4B-00C04F79EFBC}") = "Day15", "Day15\Day15.csproj", "{A2FCE0C6-B922-44BB-8FD3-553C870F2604}"
EndProject
Project("{FAE04EC0-301F-11D3-BF4B-00C04F79EFBC}") = "Day16", "Day16\Day16.csproj", "{F1DB978A-0043-4302-BC94-E0D0AE6672A8}"
EndProject
Project("{FAE04EC0-301F-11D3-BF4B-00C04F79EFBC}") = "Day17", "Day17\Day17.csproj", "{1166B5AF-D861-4DCF-B051-CE2C02AA83DD}"
EndProject
Project("{FAE04EC0-301F-11D3-BF4B-00C04F79EFBC}") = "AsyncProgramming", "AsyncProgramming\AsyncProgramming.csproj", "{BE7A21EA-0E0E-4B2E-884D-03F470AA15E8}"
EndProject
Project("{FAE04EC0-301F-11D3-BF4B-00C04F79EFBC}") = "NewsInCSharp", "NewsInCSharp\NewsInCSharp.csproj", "{A4B88110-1D33-4358-8B21-4B27A90462A0}"
EndProject
Project("{FAE04EC0-301F-11D3-BF4B-00C04F79EFBC}") = "NewsInCsharp9", "NewsInCsharp9\NewsInCsharp9.csproj", "{B5A35237-9194-452A-9A5A-A92C21D7B109}"
EndProject
Project("{FAE04EC0-301F-11D3-BF4B-00C04F79EFBC}") = "NewsInCsharp10", "NewsInCsharp10\NewsInCsharp10.csproj", "{59E052FF-05A7-49A7-B8BA-F0EB2AEE9E56}"
EndProject
Project("{FAE04EC0-301F-11D3-BF4B-00C04F79EFBC}") = "NewsInCsharp11", "NewsInCsharp11\NewsInCsharp11.csproj", "{9E708DB9-66F2-403E-8F9E-7C86BBCE4CB1}"
EndProject
Project("{FAE04EC0-301F-11D3-BF4B-00C04F79EFBC}") = "NewsInCsharp12", "NewsInCsharp12\NewsInCsharp12.csproj", "{3B69633A-6649-46FB-9E7F-200044047221}"
EndProject
Project("{FAE04EC0-301F-11D3-BF4B-00C04F79EFBC}") = "Reflection_ITC", "Reflection_ITC\Reflection_ITC.csproj", "{6E46D56E-A380-4123-885E-C03DEF33E5F4}"
EndProject
Project("{FAE04EC0-301F-11D3-BF4B-00C04F79EFBC}") = "Reflection_2", "Reflection_2\Reflection_2.csproj", "{C4A20FF7-8B70-403A-AB86-BD1DA06B4E5D}"
EndProject
Project("{FAE04EC0-301F-11D3-BF4B-00C04F79EFBC}") = "RegularExpression", "RegularExpression\RegularExpression.csproj", "{EA6CE01F-4935-4B28-99B5-A9F91C265DBB}"
EndProject
Project("{FAE04EC0-301F-11D3-BF4B-00C04F79EFBC}") = "SOLID", "SOLID\SOLID.csproj", "{8052C3A1-98C3-4478-BCB0-29728DDD099B}"
EndProject
Global
	GlobalSection(SolutionConfigurationPlatforms) = preSolution
		Debug|Any CPU = Debug|Any CPU
		Release|Any CPU = Release|Any CPU
	EndGlobalSection
	GlobalSection(ProjectConfigurationPlatforms) = postSolution
		{80DFFB94-E87C-420F-A885-D4675D225C2E}.Debug|Any CPU.ActiveCfg = Debug|Any CPU
		{80DFFB94-E87C-420F-A885-D4675D225C2E}.Debug|Any CPU.Build.0 = Debug|Any CPU
		{80DFFB94-E87C-420F-A885-D4675D225C2E}.Release|Any CPU.ActiveCfg = Release|Any CPU
		{80DFFB94-E87C-420F-A885-D4675D225C2E}.Release|Any CPU.Build.0 = Release|Any CPU
		{62D57660-A52A-4D0B-9126-29845649CB7E}.Debug|Any CPU.ActiveCfg = Debug|Any CPU
		{62D57660-A52A-4D0B-9126-29845649CB7E}.Debug|Any CPU.Build.0 = Debug|Any CPU
		{62D57660-A52A-4D0B-9126-29845649CB7E}.Release|Any CPU.ActiveCfg = Release|Any CPU
		{62D57660-A52A-4D0B-9126-29845649CB7E}.Release|Any CPU.Build.0 = Release|Any CPU
		{1B710B0A-EBC4-4F0F-B16C-10F3471088CE}.Debug|Any CPU.ActiveCfg = Debug|Any CPU
		{1B710B0A-EBC4-4F0F-B16C-10F3471088CE}.Debug|Any CPU.Build.0 = Debug|Any CPU
		{1B710B0A-EBC4-4F0F-B16C-10F3471088CE}.Release|Any CPU.ActiveCfg = Release|Any CPU
		{1B710B0A-EBC4-4F0F-B16C-10F3471088CE}.Release|Any CPU.Build.0 = Release|Any CPU
		{8C1D17F7-0FD0-4EF6-B002-276F93202B53}.Debug|Any CPU.ActiveCfg = Debug|Any CPU
		{8C1D17F7-0FD0-4EF6-B002-276F93202B53}.Debug|Any CPU.Build.0 = Debug|Any CPU
		{8C1D17F7-0FD0-4EF6-B002-276F93202B53}.Release|Any CPU.ActiveCfg = Release|Any CPU
		{8C1D17F7-0FD0-4EF6-B002-276F93202B53}.Release|Any CPU.Build.0 = Release|Any CPU
		{89A44D50-3D1B-4E14-BA77-45C12CE34028}.Debug|Any CPU.ActiveCfg = Debug|Any CPU
		{89A44D50-3D1B-4E14-BA77-45C12CE34028}.Debug|Any CPU.Build.0 = Debug|Any CPU
		{89A44D50-3D1B-4E14-BA77-45C12CE34028}.Release|Any CPU.ActiveCfg = Release|Any CPU
		{89A44D50-3D1B-4E14-BA77-45C12CE34028}.Release|Any CPU.Build.0 = Release|Any CPU
		{C7EC2940-3D19-4294-90AA-493167C6E663}.Debug|Any CPU.ActiveCfg = Debug|Any CPU
		{C7EC2940-3D19-4294-90AA-493167C6E663}.Debug|Any CPU.Build.0 = Debug|Any CPU
		{C7EC2940-3D19-4294-90AA-493167C6E663}.Release|Any CPU.ActiveCfg = Release|Any CPU
		{C7EC2940-3D19-4294-90AA-493167C6E663}.Release|Any CPU.Build.0 = Release|Any CPU
		{D3C32ABB-9E4D-48EE-BC31-5006AA2DB25D}.Debug|Any CPU.ActiveCfg = Debug|Any CPU
		{D3C32ABB-9E4D-48EE-BC31-5006AA2DB25D}.Debug|Any CPU.Build.0 = Debug|Any CPU
		{D3C32ABB-9E4D-48EE-BC31-5006AA2DB25D}.Release|Any CPU.ActiveCfg = Release|Any CPU
		{D3C32ABB-9E4D-48EE-BC31-5006AA2DB25D}.Release|Any CPU.Build.0 = Release|Any CPU
		{06A9A8C0-18D2-424B-BD25-95EBB3F76438}.Debug|Any CPU.ActiveCfg = Debug|Any CPU
		{06A9A8C0-18D2-424B-BD25-95EBB3F76438}.Debug|Any CPU.Build.0 = Debug|Any CPU
		{06A9A8C0-18D2-424B-BD25-95EBB3F76438}.Release|Any CPU.ActiveCfg = Release|Any CPU
		{06A9A8C0-18D2-424B-BD25-95EBB3F76438}.Release|Any CPU.Build.0 = Release|Any CPU
		{258AB725-6EBD-4506-974E-B4816333D053}.Debug|Any CPU.ActiveCfg = Debug|Any CPU
		{258AB725-6EBD-4506-974E-B4816333D053}.Debug|Any CPU.Build.0 = Debug|Any CPU
		{258AB725-6EBD-4506-974E-B4816333D053}.Release|Any CPU.ActiveCfg = Release|Any CPU
		{258AB725-6EBD-4506-974E-B4816333D053}.Release|Any CPU.Build.0 = Release|Any CPU
		{2F42AA86-6FAA-44D1-9D10-A027E22A6E8B}.Debug|Any CPU.ActiveCfg = Debug|Any CPU
		{2F42AA86-6FAA-44D1-9D10-A027E22A6E8B}.Debug|Any CPU.Build.0 = Debug|Any CPU
		{2F42AA86-6FAA-44D1-9D10-A027E22A6E8B}.Release|Any CPU.ActiveCfg = Release|Any CPU
		{2F42AA86-6FAA-44D1-9D10-A027E22A6E8B}.Release|Any CPU.Build.0 = Release|Any CPU
		{0F391786-614B-4EEA-919C-F0084783F64D}.Debug|Any CPU.ActiveCfg = Debug|Any CPU
		{0F391786-614B-4EEA-919C-F0084783F64D}.Debug|Any CPU.Build.0 = Debug|Any CPU
		{0F391786-614B-4EEA-919C-F0084783F64D}.Release|Any CPU.ActiveCfg = Release|Any CPU
		{0F391786-614B-4EEA-919C-F0084783F64D}.Release|Any CPU.Build.0 = Release|Any CPU
		{4676BFEA-875B-479A-8A2E-FCAA7DBCCC0F}.Debug|Any CPU.ActiveCfg = Debug|Any CPU
		{4676BFEA-875B-479A-8A2E-FCAA7DBCCC0F}.Debug|Any CPU.Build.0 = Debug|Any CPU
		{4676BFEA-875B-479A-8A2E-FCAA7DBCCC0F}.Release|Any CPU.ActiveCfg = Release|Any CPU
		{4676BFEA-875B-479A-8A2E-FCAA7DBCCC0F}.Release|Any CPU.Build.0 = Release|Any CPU
		{E2DCDF20-F723-44D9-B337-F2FBC8A5D2E8}.Debug|Any CPU.ActiveCfg = Debug|Any CPU
		{E2DCDF20-F723-44D9-B337-F2FBC8A5D2E8}.Debug|Any CPU.Build.0 = Debug|Any CPU
		{E2DCDF20-F723-44D9-B337-F2FBC8A5D2E8}.Release|Any CPU.ActiveCfg = Release|Any CPU
		{E2DCDF20-F723-44D9-B337-F2FBC8A5D2E8}.Release|Any CPU.Build.0 = Release|Any CPU
		{E1862B37-BDBC-491F-9276-F7BDE826727C}.Debug|Any CPU.ActiveCfg = Debug|Any CPU
		{E1862B37-BDBC-491F-9276-F7BDE826727C}.Debug|Any CPU.Build.0 = Debug|Any CPU
		{E1862B37-BDBC-491F-9276-F7BDE826727C}.Release|Any CPU.ActiveCfg = Release|Any CPU
		{E1862B37-BDBC-491F-9276-F7BDE826727C}.Release|Any CPU.Build.0 = Release|Any CPU
		{C2C55F15-AF53-4ECA-A299-216F4D42B304}.Debug|Any CPU.ActiveCfg = Debug|Any CPU
		{C2C55F15-AF53-4ECA-A299-216F4D42B304}.Debug|Any CPU.Build.0 = Debug|Any CPU
		{C2C55F15-AF53-4ECA-A299-216F4D42B304}.Release|Any CPU.ActiveCfg = Release|Any CPU
		{C2C55F15-AF53-4ECA-A299-216F4D42B304}.Release|Any CPU.Build.0 = Release|Any CPU
		{A19D2EA2-FEBE-4ABD-833B-7015305E7DC3}.Debug|Any CPU.ActiveCfg = Debug|Any CPU
		{A19D2EA2-FEBE-4ABD-833B-7015305E7DC3}.Debug|Any CPU.Build.0 = Debug|Any CPU
		{A19D2EA2-FEBE-4ABD-833B-7015305E7DC3}.Release|Any CPU.ActiveCfg = Release|Any CPU
		{A19D2EA2-FEBE-4ABD-833B-7015305E7DC3}.Release|Any CPU.Build.0 = Release|Any CPU
		{A2FCE0C6-B922-44BB-8FD3-553C870F2604}.Debug|Any CPU.ActiveCfg = Debug|Any CPU
		{A2FCE0C6-B922-44BB-8FD3-553C870F2604}.Debug|Any CPU.Build.0 = Debug|Any CPU
		{A2FCE0C6-B922-44BB-8FD3-553C870F2604}.Release|Any CPU.ActiveCfg = Release|Any CPU
		{A2FCE0C6-B922-44BB-8FD3-553C870F2604}.Release|Any CPU.Build.0 = Release|Any CPU
		{F1DB978A-0043-4302-BC94-E0D0AE6672A8}.Debug|Any CPU.ActiveCfg = Debug|Any CPU
		{F1DB978A-0043-4302-BC94-E0D0AE6672A8}.Debug|Any CPU.Build.0 = Debug|Any CPU
		{F1DB978A-0043-4302-BC94-E0D0AE6672A8}.Release|Any CPU.ActiveCfg = Release|Any CPU
		{F1DB978A-0043-4302-BC94-E0D0AE6672A8}.Release|Any CPU.Build.0 = Release|Any CPU
		{1166B5AF-D861-4DCF-B051-CE2C02AA83DD}.Debug|Any CPU.ActiveCfg = Debug|Any CPU
		{1166B5AF-D861-4DCF-B051-CE2C02AA83DD}.Debug|Any CPU.Build.0 = Debug|Any CPU
		{1166B5AF-D861-4DCF-B051-CE2C02AA83DD}.Release|Any CPU.ActiveCfg = Release|Any CPU
		{1166B5AF-D861-4DCF-B051-CE2C02AA83DD}.Release|Any CPU.Build.0 = Release|Any CPU
		{BE7A21EA-0E0E-4B2E-884D-03F470AA15E8}.Debug|Any CPU.ActiveCfg = Debug|Any CPU
		{BE7A21EA-0E0E-4B2E-884D-03F470AA15E8}.Debug|Any CPU.Build.0 = Debug|Any CPU
		{BE7A21EA-0E0E-4B2E-884D-03F470AA15E8}.Release|Any CPU.ActiveCfg = Release|Any CPU
		{BE7A21EA-0E0E-4B2E-884D-03F470AA15E8}.Release|Any CPU.Build.0 = Release|Any CPU
		{A4B88110-1D33-4358-8B21-4B27A90462A0}.Debug|Any CPU.ActiveCfg = Debug|Any CPU
		{A4B88110-1D33-4358-8B21-4B27A90462A0}.Debug|Any CPU.Build.0 = Debug|Any CPU
		{A4B88110-1D33-4358-8B21-4B27A90462A0}.Release|Any CPU.ActiveCfg = Release|Any CPU
		{A4B88110-1D33-4358-8B21-4B27A90462A0}.Release|Any CPU.Build.0 = Release|Any CPU
		{B5A35237-9194-452A-9A5A-A92C21D7B109}.Debug|Any CPU.ActiveCfg = Debug|Any CPU
		{B5A35237-9194-452A-9A5A-A92C21D7B109}.Debug|Any CPU.Build.0 = Debug|Any CPU
		{B5A35237-9194-452A-9A5A-A92C21D7B109}.Release|Any CPU.ActiveCfg = Release|Any CPU
		{B5A35237-9194-452A-9A5A-A92C21D7B109}.Release|Any CPU.Build.0 = Release|Any CPU
		{59E052FF-05A7-49A7-B8BA-F0EB2AEE9E56}.Debug|Any CPU.ActiveCfg = Debug|Any CPU
		{59E052FF-05A7-49A7-B8BA-F0EB2AEE9E56}.Debug|Any CPU.Build.0 = Debug|Any CPU
		{59E052FF-05A7-49A7-B8BA-F0EB2AEE9E56}.Release|Any CPU.ActiveCfg = Release|Any CPU
		{59E052FF-05A7-49A7-B8BA-F0EB2AEE9E56}.Release|Any CPU.Build.0 = Release|Any CPU
		{9E708DB9-66F2-403E-8F9E-7C86BBCE4CB1}.Debug|Any CPU.ActiveCfg = Debug|Any CPU
		{9E708DB9-66F2-403E-8F9E-7C86BBCE4CB1}.Debug|Any CPU.Build.0 = Debug|Any CPU
		{9E708DB9-66F2-403E-8F9E-7C86BBCE4CB1}.Release|Any CPU.ActiveCfg = Release|Any CPU
		{9E708DB9-66F2-403E-8F9E-7C86BBCE4CB1}.Release|Any CPU.Build.0 = Release|Any CPU
		{3B69633A-6649-46FB-9E7F-200044047221}.Debug|Any CPU.ActiveCfg = Debug|Any CPU
		{3B69633A-6649-46FB-9E7F-200044047221}.Debug|Any CPU.Build.0 = Debug|Any CPU
		{3B69633A-6649-46FB-9E7F-200044047221}.Release|Any CPU.ActiveCfg = Release|Any CPU
		{3B69633A-6649-46FB-9E7F-200044047221}.Release|Any CPU.Build.0 = Release|Any CPU
		{6E46D56E-A380-4123-885E-C03DEF33E5F4}.Debug|Any CPU.ActiveCfg = Debug|Any CPU
		{6E46D56E-A380-4123-885E-C03DEF33E5F4}.Debug|Any CPU.Build.0 = Debug|Any CPU
		{6E46D56E-A380-4123-885E-C03DEF33E5F4}.Release|Any CPU.ActiveCfg = Release|Any CPU
		{6E46D56E-A380-4123-885E-C03DEF33E5F4}.Release|Any CPU.Build.0 = Release|Any CPU
		{C4A20FF7-8B70-403A-AB86-BD1DA06B4E5D}.Debug|Any CPU.ActiveCfg = Debug|Any CPU
		{C4A20FF7-8B70-403A-AB86-BD1DA06B4E5D}.Debug|Any CPU.Build.0 = Debug|Any CPU
		{C4A20FF7-8B70-403A-AB86-BD1DA06B4E5D}.Release|Any CPU.ActiveCfg = Release|Any CPU
		{C4A20FF7-8B70-403A-AB86-BD1DA06B4E5D}.Release|Any CPU.Build.0 = Release|Any CPU
		{EA6CE01F-4935-4B28-99B5-A9F91C265DBB}.Debug|Any CPU.ActiveCfg = Debug|Any CPU
		{EA6CE01F-4935-4B28-99B5-A9F91C265DBB}.Debug|Any CPU.Build.0 = Debug|Any CPU
		{EA6CE01F-4935-4B28-99B5-A9F91C265DBB}.Release|Any CPU.ActiveCfg = Release|Any CPU
		{EA6CE01F-4935-4B28-99B5-A9F91C265DBB}.Release|Any CPU.Build.0 = Release|Any CPU
		{8052C3A1-98C3-4478-BCB0-29728DDD099B}.Debug|Any CPU.ActiveCfg = Debug|Any CPU
		{8052C3A1-98C3-4478-BCB0-29728DDD099B}.Debug|Any CPU.Build.0 = Debug|Any CPU
		{8052C3A1-98C3-4478-BCB0-29728DDD099B}.Release|Any CPU.ActiveCfg = Release|Any CPU
		{8052C3A1-98C3-4478-BCB0-29728DDD099B}.Release|Any CPU.Build.0 = Release|Any CPU
	EndGlobalSection
	GlobalSection(SolutionProperties) = preSolution
		HideSolutionNode = FALSE
	EndGlobalSection
EndGlobal
