
Microsoft Visual Studio Solution File, Format Version 12.00
# Visual Studio Version 17
VisualStudioVersion = 17.12.35514.174
MinimumVisualStudioVersion = 10.0.40219.1
Project("{FAE04EC0-301F-11D3-BF4B-00C04F79EFBC}") = "Day1", "Day1\Day1.csproj", "{80DFFB94-E87C-420F-A885-D4675D225C2E}"
EndProject
Project("{FAE04EC0-301F-11D3-BF4B-00C04F79EFBC}") = "Day2", "Day2\Day2.csproj", "{62D57660-A52A-4D0B-9126-29845649CB7E}"
EndProject
Project("{FAE04EC0-301F-11D3-BF4B-00C04F79EFBC}") = "Day3", "Day3\Day3.csproj", "{1B710B0A-EBC4-4F0F-B16C-10F3471088CE}"
EndProject
Project("{FAE04EC0-301F-11D3-BF4B-00C04F79EFBC}") = "Day4", "Day4\Day4.csproj", "{8C1D17F7-0FD0-4EF6-B002-276F93202B53}"
EndProject
Project("{FAE04EC0-301F-11D3-BF4B-00C04F79EFBC}") = "Day5", "Day5\Day5.csproj", "{89A44D50-3D1B-4E14-BA77-45C12CE34028}"
EndProject
Project("{FAE04EC0-301F-11D3-BF4B-00C04F79EFBC}") = "justDLL", "justDLL\justDLL.csproj", "{C7EC2940-3D19-4294-90AA-493167C6E663}"
EndProject
Project("{FAE04EC0-301F-11D3-BF4B-00C04F79EFBC}") = "Day6", "Day6\Day6.csproj", "{D3C32ABB-9E4D-48EE-BC31-5006AA2DB25D}"
EndProject
Project("{FAE04EC0-301F-11D3-BF4B-00C04F79EFBC}") = "Day7", "Day7\Day7.csproj", "{06A9A8C0-18D2-424B-BD25-95EBB3F76438}"
EndProject
Project("{FAE04EC0-301F-11D3-BF4B-00C04F79EFBC}") = "Day8", "Day8\Day8.csproj", "{258AB725-6EBD-4506-974E-B4816333D053}"
EndProject
Project("{FAE04EC0-301F-11D3-BF4B-00C04F79EFBC}") = "samplePartialWeb", "samplePartialWeb\samplePartialWeb.csproj", "{2F42AA86-6FAA-44D1-9D10-A027E22A6E8B}"
EndProject
Global
	GlobalSection(SolutionConfigurationPlatforms) = preSolution
		Debug|Any CPU = Debug|Any CPU
		Release|Any CPU = Release|Any CPU
	EndGlobalSection
	GlobalSection(ProjectConfigurationPlatforms) = postSolution
		{80DFFB94-E87C-420F-A885-D4675D225C2E}.Debug|Any CPU.ActiveCfg = Debug|Any CPU
		{80DFFB94-E87C-420F-A885-D4675D225C2E}.Debug|Any CPU.Build.0 = Debug|Any CPU
		{80DFFB94-E87C-420F-A885-D4675D225C2E}.Release|Any CPU.ActiveCfg = Release|Any CPU
		{80DFFB94-E87C-420F-A885-D4675D225C2E}.Release|Any CPU.Build.0 = Release|Any CPU
		{62D57660-A52A-4D0B-9126-29845649CB7E}.Debug|Any CPU.ActiveCfg = Debug|Any CPU
		{62D57660-A52A-4D0B-9126-29845649CB7E}.Debug|Any CPU.Build.0 = Debug|Any CPU
		{62D57660-A52A-4D0B-9126-29845649CB7E}.Release|Any CPU.ActiveCfg = Release|Any CPU
		{62D57660-A52A-4D0B-9126-29845649CB7E}.Release|Any CPU.Build.0 = Release|Any CPU
		{1B710B0A-EBC4-4F0F-B16C-10F3471088CE}.Debug|Any CPU.ActiveCfg = Debug|Any CPU
		{1B710B0A-EBC4-4F0F-B16C-10F3471088CE}.Debug|Any CPU.Build.0 = Debug|Any CPU
		{1B710B0A-EBC4-4F0F-B16C-10F3471088CE}.Release|Any CPU.ActiveCfg = Release|Any CPU
		{1B710B0A-EBC4-4F0F-B16C-10F3471088CE}.Release|Any CPU.Build.0 = Release|Any CPU
		{8C1D17F7-0FD0-4EF6-B002-276F93202B53}.Debug|Any CPU.ActiveCfg = Debug|Any CPU
		{8C1D17F7-0FD0-4EF6-B002-276F93202B53}.Debug|Any CPU.Build.0 = Debug|Any CPU
		{8C1D17F7-0FD0-4EF6-B002-276F93202B53}.Release|Any CPU.ActiveCfg = Release|Any CPU
		{8C1D17F7-0FD0-4EF6-B002-276F93202B53}.Release|Any CPU.Build.0 = Release|Any CPU
		{89A44D50-3D1B-4E14-BA77-45C12CE34028}.Debug|Any CPU.ActiveCfg = Debug|Any CPU
		{89A44D50-3D1B-4E14-BA77-45C12CE34028}.Debug|Any CPU.Build.0 = Debug|Any CPU
		{89A44D50-3D1B-4E14-BA77-45C12CE34028}.Release|Any CPU.ActiveCfg = Release|Any CPU
		{89A44D50-3D1B-4E14-BA77-45C12CE34028}.Release|Any CPU.Build.0 = Release|Any CPU
		{C7EC2940-3D19-4294-90AA-493167C6E663}.Debug|Any CPU.ActiveCfg = Debug|Any CPU
		{C7EC2940-3D19-4294-90AA-493167C6E663}.Debug|Any CPU.Build.0 = Debug|Any CPU
		{C7EC2940-3D19-4294-90AA-493167C6E663}.Release|Any CPU.ActiveCfg = Release|Any CPU
		{C7EC2940-3D19-4294-90AA-493167C6E663}.Release|Any CPU.Build.0 = Release|Any CPU
		{D3C32ABB-9E4D-48EE-BC31-5006AA2DB25D}.Debug|Any CPU.ActiveCfg = Debug|Any CPU
		{D3C32ABB-9E4D-48EE-BC31-5006AA2DB25D}.Debug|Any CPU.Build.0 = Debug|Any CPU
		{D3C32ABB-9E4D-48EE-BC31-5006AA2DB25D}.Release|Any CPU.ActiveCfg = Release|Any CPU
		{D3C32ABB-9E4D-48EE-BC31-5006AA2DB25D}.Release|Any CPU.Build.0 = Release|Any CPU
		{06A9A8C0-18D2-424B-BD25-95EBB3F76438}.Debug|Any CPU.ActiveCfg = Debug|Any CPU
		{06A9A8C0-18D2-424B-BD25-95EBB3F76438}.Debug|Any CPU.Build.0 = Debug|Any CPU
		{06A9A8C0-18D2-424B-BD25-95EBB3F76438}.Release|Any CPU.ActiveCfg = Release|Any CPU
		{06A9A8C0-18D2-424B-BD25-95EBB3F76438}.Release|Any CPU.Build.0 = Release|Any CPU
		{258AB725-6EBD-4506-974E-B4816333D053}.Debug|Any CPU.ActiveCfg = Debug|Any CPU
		{258AB725-6EBD-4506-974E-B4816333D053}.Debug|Any CPU.Build.0 = Debug|Any CPU
		{258AB725-6EBD-4506-974E-B4816333D053}.Release|Any CPU.ActiveCfg = Release|Any CPU
		{258AB725-6EBD-4506-974E-B4816333D053}.Release|Any CPU.Build.0 = Release|Any CPU
		{2F42AA86-6FAA-44D1-9D10-A027E22A6E8B}.Debug|Any CPU.ActiveCfg = Debug|Any CPU
		{2F42AA86-6FAA-44D1-9D10-A027E22A6E8B}.Debug|Any CPU.Build.0 = Debug|Any CPU
		{2F42AA86-6FAA-44D1-9D10-A027E22A6E8B}.Release|Any CPU.ActiveCfg = Release|Any CPU
		{2F42AA86-6FAA-44D1-9D10-A027E22A6E8B}.Release|Any CPU.Build.0 = Release|Any CPU
	EndGlobalSection
	GlobalSection(SolutionProperties) = preSolution
		HideSolutionNode = FALSE
	EndGlobalSection
EndGlobal
